
Microsoft Visual Studio Solution File, Format Version 12.00
# Visual Studio Version 17
VisualStudioVersion = 17.3.32929.385
MinimumVisualStudioVersion = 10.0.40219.1
Project("{8BC9CEB8-8B4A-11D0-8D11-00A0C91BC942}") = "Project1", "Project1\Project1.vcxproj", "{640161DF-4FC1-491E-A216-E18288360F4C}"
EndProject
Project("{8BC9CEB8-8B4A-11D0-8D11-00A0C91BC942}") = "Project2", "Project2\Project2.vcxproj", "{A23DA367-4E63-4524-96C5-694AE1B2075E}"
EndProject
Project("{8BC9CEB8-8B4A-11D0-8D11-00A0C91BC942}") = "Project3", "Project3\Project3.vcxproj", "{8D8EC810-1DC3-47DA-B788-03C32407549C}"
EndProject
Project("{8BC9CEB8-8B4A-11D0-8D11-00A0C91BC942}") = "Project4", "Project4\Project4.vcxproj", "{0246093B-1B31-4608-8586-5A73EBE010F9}"
EndProject
Project("{8BC9CEB8-8B4A-11D0-8D11-00A0C91BC942}") = "Project5", "Project5\Project5.vcxproj", "{17D5C92B-AC3F-45DC-8335-368B5F7AEF16}"
EndProject
Project("{8BC9CEB8-8B4A-11D0-8D11-00A0C91BC942}") = "Project6", "Project6\Project6.vcxproj", "{95699F54-9D5F-420C-A23F-E416739FF9DE}"
EndProject
Project("{8BC9CEB8-8B4A-11D0-8D11-00A0C91BC942}") = "Project7", "Project7\Project7.vcxproj", "{1A0D4362-4AF1-4BDC-9E5C-187081E336FC}"
EndProject
Project("{8BC9CEB8-8B4A-11D0-8D11-00A0C91BC942}") = "Project8", "Project8\Project8.vcxproj", "{9CF25746-367F-4C81-9CC7-3DF0D8B2F090}"
EndProject
Project("{8BC9CEB8-8B4A-11D0-8D11-00A0C91BC942}") = "Project9", "Project9\Project9.vcxproj", "{5EEB6829-E019-49B3-A439-1C6EE7692B4B}"
EndProject
Project("{8BC9CEB8-8B4A-11D0-8D11-00A0C91BC942}") = "MAZE", "MAZE\MAZE.vcxproj", "{E8F42D4A-6276-43AE-A891-3619E75D04E0}"
EndProject
Global
	GlobalSection(SolutionConfigurationPlatforms) = preSolution
		Debug|x64 = Debug|x64
		Debug|x86 = Debug|x86
		Release|x64 = Release|x64
		Release|x86 = Release|x86
	EndGlobalSection
	GlobalSection(ProjectConfigurationPlatforms) = postSolution
		{640161DF-4FC1-491E-A216-E18288360F4C}.Debug|x64.ActiveCfg = Debug|x64
		{640161DF-4FC1-491E-A216-E18288360F4C}.Debug|x64.Build.0 = Debug|x64
		{640161DF-4FC1-491E-A216-E18288360F4C}.Debug|x86.ActiveCfg = Debug|Win32
		{640161DF-4FC1-491E-A216-E18288360F4C}.Debug|x86.Build.0 = Debug|Win32
		{640161DF-4FC1-491E-A216-E18288360F4C}.Release|x64.ActiveCfg = Release|x64
		{640161DF-4FC1-491E-A216-E18288360F4C}.Release|x64.Build.0 = Release|x64
		{640161DF-4FC1-491E-A216-E18288360F4C}.Release|x86.ActiveCfg = Release|Win32
		{640161DF-4FC1-491E-A216-E18288360F4C}.Release|x86.Build.0 = Release|Win32
		{A23DA367-4E63-4524-96C5-694AE1B2075E}.Debug|x64.ActiveCfg = Debug|x64
		{A23DA367-4E63-4524-96C5-694AE1B2075E}.Debug|x64.Build.0 = Debug|x64
		{A23DA367-4E63-4524-96C5-694AE1B2075E}.Debug|x86.ActiveCfg = Debug|Win32
		{A23DA367-4E63-4524-96C5-694AE1B2075E}.Debug|x86.Build.0 = Debug|Win32
		{A23DA367-4E63-4524-96C5-694AE1B2075E}.Release|x64.ActiveCfg = Release|x64
		{A23DA367-4E63-4524-96C5-694AE1B2075E}.Release|x64.Build.0 = Release|x64
		{A23DA367-4E63-4524-96C5-694AE1B2075E}.Release|x86.ActiveCfg = Release|Win32
		{A23DA367-4E63-4524-96C5-694AE1B2075E}.Release|x86.Build.0 = Release|Win32
		{8D8EC810-1DC3-47DA-B788-03C32407549C}.Debug|x64.ActiveCfg = Debug|x64
		{8D8EC810-1DC3-47DA-B788-03C32407549C}.Debug|x64.Build.0 = Debug|x64
		{8D8EC810-1DC3-47DA-B788-03C32407549C}.Debug|x86.ActiveCfg = Debug|Win32
		{8D8EC810-1DC3-47DA-B788-03C32407549C}.Debug|x86.Build.0 = Debug|Win32
		{8D8EC810-1DC3-47DA-B788-03C32407549C}.Release|x64.ActiveCfg = Release|x64
		{8D8EC810-1DC3-47DA-B788-03C32407549C}.Release|x64.Build.0 = Release|x64
		{8D8EC810-1DC3-47DA-B788-03C32407549C}.Release|x86.ActiveCfg = Release|Win32
		{8D8EC810-1DC3-47DA-B788-03C32407549C}.Release|x86.Build.0 = Release|Win32
		{0246093B-1B31-4608-8586-5A73EBE010F9}.Debug|x64.ActiveCfg = Debug|x64
		{0246093B-1B31-4608-8586-5A73EBE010F9}.Debug|x64.Build.0 = Debug|x64
		{0246093B-1B31-4608-8586-5A73EBE010F9}.Debug|x86.ActiveCfg = Debug|Win32
		{0246093B-1B31-4608-8586-5A73EBE010F9}.Debug|x86.Build.0 = Debug|Win32
		{0246093B-1B31-4608-8586-5A73EBE010F9}.Release|x64.ActiveCfg = Release|x64
		{0246093B-1B31-4608-8586-5A73EBE010F9}.Release|x64.Build.0 = Release|x64
		{0246093B-1B31-4608-8586-5A73EBE010F9}.Release|x86.ActiveCfg = Release|Win32
		{0246093B-1B31-4608-8586-5A73EBE010F9}.Release|x86.Build.0 = Release|Win32
		{17D5C92B-AC3F-45DC-8335-368B5F7AEF16}.Debug|x64.ActiveCfg = Debug|x64
		{17D5C92B-AC3F-45DC-8335-368B5F7AEF16}.Debug|x64.Build.0 = Debug|x64
		{17D5C92B-AC3F-45DC-8335-368B5F7AEF16}.Debug|x86.ActiveCfg = Debug|Win32
		{17D5C92B-AC3F-45DC-8335-368B5F7AEF16}.Debug|x86.Build.0 = Debug|Win32
		{17D5C92B-AC3F-45DC-8335-368B5F7AEF16}.Release|x64.ActiveCfg = Release|x64
		{17D5C92B-AC3F-45DC-8335-368B5F7AEF16}.Release|x64.Build.0 = Release|x64
		{17D5C92B-AC3F-45DC-8335-368B5F7AEF16}.Release|x86.ActiveCfg = Release|Win32
		{17D5C92B-AC3F-45DC-8335-368B5F7AEF16}.Release|x86.Build.0 = Release|Win32
		{95699F54-9D5F-420C-A23F-E416739FF9DE}.Debug|x64.ActiveCfg = Debug|x64
		{95699F54-9D5F-420C-A23F-E416739FF9DE}.Debug|x64.Build.0 = Debug|x64
		{95699F54-9D5F-420C-A23F-E416739FF9DE}.Debug|x86.ActiveCfg = Debug|Win32
		{95699F54-9D5F-420C-A23F-E416739FF9DE}.Debug|x86.Build.0 = Debug|Win32
		{95699F54-9D5F-420C-A23F-E416739FF9DE}.Release|x64.ActiveCfg = Release|x64
		{95699F54-9D5F-420C-A23F-E416739FF9DE}.Release|x64.Build.0 = Release|x64
		{95699F54-9D5F-420C-A23F-E416739FF9DE}.Release|x86.ActiveCfg = Release|Win32
		{95699F54-9D5F-420C-A23F-E416739FF9DE}.Release|x86.Build.0 = Release|Win32
		{1A0D4362-4AF1-4BDC-9E5C-187081E336FC}.Debug|x64.ActiveCfg = Debug|x64
		{1A0D4362-4AF1-4BDC-9E5C-187081E336FC}.Debug|x64.Build.0 = Debug|x64
		{1A0D4362-4AF1-4BDC-9E5C-187081E336FC}.Debug|x86.ActiveCfg = Debug|Win32
		{1A0D4362-4AF1-4BDC-9E5C-187081E336FC}.Debug|x86.Build.0 = Debug|Win32
		{1A0D4362-4AF1-4BDC-9E5C-187081E336FC}.Release|x64.ActiveCfg = Release|x64
		{1A0D4362-4AF1-4BDC-9E5C-187081E336FC}.Release|x64.Build.0 = Release|x64
		{1A0D4362-4AF1-4BDC-9E5C-187081E336FC}.Release|x86.ActiveCfg = Release|Win32
		{1A0D4362-4AF1-4BDC-9E5C-187081E336FC}.Release|x86.Build.0 = Release|Win32
		{9CF25746-367F-4C81-9CC7-3DF0D8B2F090}.Debug|x64.ActiveCfg = Debug|x64
		{9CF25746-367F-4C81-9CC7-3DF0D8B2F090}.Debug|x64.Build.0 = Debug|x64
		{9CF25746-367F-4C81-9CC7-3DF0D8B2F090}.Debug|x86.ActiveCfg = Debug|Win32
		{9CF25746-367F-4C81-9CC7-3DF0D8B2F090}.Debug|x86.Build.0 = Debug|Win32
		{9CF25746-367F-4C81-9CC7-3DF0D8B2F090}.Release|x64.ActiveCfg = Release|x64
		{9CF25746-367F-4C81-9CC7-3DF0D8B2F090}.Release|x64.Build.0 = Release|x64
		{9CF25746-367F-4C81-9CC7-3DF0D8B2F090}.Release|x86.ActiveCfg = Release|Win32
		{9CF25746-367F-4C81-9CC7-3DF0D8B2F090}.Release|x86.Build.0 = Release|Win32
		{5EEB6829-E019-49B3-A439-1C6EE7692B4B}.Debug|x64.ActiveCfg = Debug|x64
		{5EEB6829-E019-49B3-A439-1C6EE7692B4B}.Debug|x64.Build.0 = Debug|x64
		{5EEB6829-E019-49B3-A439-1C6EE7692B4B}.Debug|x86.ActiveCfg = Debug|Win32
		{5EEB6829-E019-49B3-A439-1C6EE7692B4B}.Debug|x86.Build.0 = Debug|Win32
		{5EEB6829-E019-49B3-A439-1C6EE7692B4B}.Release|x64.ActiveCfg = Release|x64
		{5EEB6829-E019-49B3-A439-1C6EE7692B4B}.Release|x64.Build.0 = Release|x64
		{5EEB6829-E019-49B3-A439-1C6EE7692B4B}.Release|x86.ActiveCfg = Release|Win32
		{5EEB6829-E019-49B3-A439-1C6EE7692B4B}.Release|x86.Build.0 = Release|Win32
		{E8F42D4A-6276-43AE-A891-3619E75D04E0}.Debug|x64.ActiveCfg = Debug|x64
		{E8F42D4A-6276-43AE-A891-3619E75D04E0}.Debug|x64.Build.0 = Debug|x64
		{E8F42D4A-6276-43AE-A891-3619E75D04E0}.Debug|x86.ActiveCfg = Debug|Win32
		{E8F42D4A-6276-43AE-A891-3619E75D04E0}.Debug|x86.Build.0 = Debug|Win32
		{E8F42D4A-6276-43AE-A891-3619E75D04E0}.Release|x64.ActiveCfg = Release|x64
		{E8F42D4A-6276-43AE-A891-3619E75D04E0}.Release|x64.Build.0 = Release|x64
		{E8F42D4A-6276-43AE-A891-3619E75D04E0}.Release|x86.ActiveCfg = Release|Win32
		{E8F42D4A-6276-43AE-A891-3619E75D04E0}.Release|x86.Build.0 = Release|Win32
	EndGlobalSection
	GlobalSection(SolutionProperties) = preSolution
		HideSolutionNode = FALSE
	EndGlobalSection
	GlobalSection(ExtensibilityGlobals) = postSolution
		SolutionGuid = {A79F5B1B-5A04-4496-BB73-435D51775A62}
	EndGlobalSection
EndGlobal
